// !$*UTF8*$!
{
	archiveVersion = 1;
	classes = {
	};
	objectVersion = 46;
	objects = {

/* Begin PBXBuildFile section */
		088E6D421D25027B00117B29 /* main.m in Sources */ = {isa = PBXBuildFile; fileRef = 088E6D411D25027B00117B29 /* main.m */; };
		088E6D451D25027B00117B29 /* AppDelegate.m in Sources */ = {isa = PBXBuildFile; fileRef = 088E6D441D25027B00117B29 /* AppDelegate.m */; };
		088E6D481D25027B00117B29 /* ViewController.m in Sources */ = {isa = PBXBuildFile; fileRef = 088E6D471D25027B00117B29 /* ViewController.m */; };
		088E6D4B1D25027B00117B29 /* Main.storyboard in Resources */ = {isa = PBXBuildFile; fileRef = 088E6D491D25027B00117B29 /* Main.storyboard */; };
		088E6D4D1D25027B00117B29 /* Images.xcassets in Resources */ = {isa = PBXBuildFile; fileRef = 088E6D4C1D25027B00117B29 /* Images.xcassets */; };
		088E6D501D25027B00117B29 /* LaunchScreen.xib in Resources */ = {isa = PBXBuildFile; fileRef = 088E6D4E1D25027B00117B29 /* LaunchScreen.xib */; };
		088E6D5C1D25027B00117B29 /* CalculatorAppTests.m in Sources */ = {isa = PBXBuildFile; fileRef = 088E6D5B1D25027B00117B29 /* CalculatorAppTests.m */; };
/* End PBXBuildFile section */

/* Begin PBXContainerItemProxy section */
		088E6D561D25027B00117B29 /* PBXContainerItemProxy */ = {
			isa = PBXContainerItemProxy;
			containerPortal = 088E6D341D25027B00117B29 /* Project object */;
			proxyType = 1;
			remoteGlobalIDString = 088E6D3B1D25027B00117B29;
			remoteInfo = CalculatorApp;
		};
/* End PBXContainerItemProxy section */

/* Begin PBXFileReference section */
		088E6D3C1D25027B00117B29 /* CalculatorApp.app */ = {isa = PBXFileReference; explicitFileType = wrapper.application; includeInIndex = 0; path = CalculatorApp.app; sourceTree = BUILT_PRODUCTS_DIR; };
		088E6D401D25027B00117B29 /* Info.plist */ = {isa = PBXFileReference; lastKnownFileType = text.plist.xml; path = Info.plist; sourceTree = "<group>"; };
		088E6D411D25027B00117B29 /* main.m */ = {isa = PBXFileReference; lastKnownFileType = sourcecode.c.objc; path = main.m; sourceTree = "<group>"; };
		088E6D431D25027B00117B29 /* AppDelegate.h */ = {isa = PBXFileReference; lastKnownFileType = sourcecode.c.h; path = AppDelegate.h; sourceTree = "<group>"; };
		088E6D441D25027B00117B29 /* AppDelegate.m */ = {isa = PBXFileReference; lastKnownFileType = sourcecode.c.objc; path = AppDelegate.m; sourceTree = "<group>"; };
		088E6D461D25027B00117B29 /* ViewController.h */ = {isa = PBXFileReference; lastKnownFileType = sourcecode.c.h; path = ViewController.h; sourceTree = "<group>"; };
		088E6D471D25027B00117B29 /* ViewController.m */ = {isa = PBXFileReference; lastKnownFileType = sourcecode.c.objc; path = ViewController.m; sourceTree = "<group>"; };
		088E6D4A1D25027B00117B29 /* Base */ = {isa = PBXFileReference; lastKnownFileType = file.storyboard; name = Base; path = Base.lproj/Main.storyboard; sourceTree = "<group>"; };
		088E6D4C1D25027B00117B29 /* Images.xcassets */ = {isa = PBXFileReference; lastKnownFileType = folder.assetcatalog; path = Images.xcassets; sourceTree = "<group>"; };
		088E6D4F1D25027B00117B29 /* Base */ = {isa = PBXFileReference; lastKnownFileType = file.xib; name = Base; path = Base.lproj/LaunchScreen.xib; sourceTree = "<group>"; };
		088E6D551D25027B00117B29 /* CalculatorAppTests.xctest */ = {isa = PBXFileReference; explicitFileType = wrapper.cfbundle; includeInIndex = 0; path = CalculatorAppTests.xctest; sourceTree = BUILT_PRODUCTS_DIR; };
		088E6D5A1D25027B00117B29 /* Info.plist */ = {isa = PBXFileReference; lastKnownFileType = text.plist.xml; path = Info.plist; sourceTree = "<group>"; };
		088E6D5B1D25027B00117B29 /* CalculatorAppTests.m */ = {isa = PBXFileReference; lastKnownFileType = sourcecode.c.objc; path = CalculatorAppTests.m; sourceTree = "<group>"; };
/* End PBXFileReference section */

/* Begin PBXFrameworksBuildPhase section */
		088E6D391D25027B00117B29 /* Frameworks */ = {
			isa = PBXFrameworksBuildPhase;
			buildActionMask = 2147483647;
			files = (
			);
			runOnlyForDeploymentPostprocessing = 0;
		};
		088E6D521D25027B00117B29 /* Frameworks */ = {
			isa = PBXFrameworksBuildPhase;
			buildActionMask = 2147483647;
			files = (
			);
			runOnlyForDeploymentPostprocessing = 0;
		};
/* End PBXFrameworksBuildPhase section */

/* Begin PBXGroup section */
		088E6D331D25027B00117B29 = {
			isa = PBXGroup;
			children = (
				088E6D3E1D25027B00117B29 /* CalculatorApp */,
				088E6D581D25027B00117B29 /* CalculatorAppTests */,
				088E6D3D1D25027B00117B29 /* Products */,
			);
			sourceTree = "<group>";
		};
		088E6D3D1D25027B00117B29 /* Products */ = {
			isa = PBXGroup;
			children = (
				088E6D3C1D25027B00117B29 /* CalculatorApp.app */,
				088E6D551D25027B00117B29 /* CalculatorAppTests.xctest */,
			);
			name = Products;
			sourceTree = "<group>";
		};
		088E6D3E1D25027B00117B29 /* CalculatorApp */ = {
			isa = PBXGroup;
			children = (
				088E6D431D25027B00117B29 /* AppDelegate.h */,
				088E6D441D25027B00117B29 /* AppDelegate.m */,
				088E6D461D25027B00117B29 /* ViewController.h */,
				088E6D471D25027B00117B29 /* ViewController.m */,
				088E6D491D25027B00117B29 /* Main.storyboard */,
				088E6D4C1D25027B00117B29 /* Images.xcassets */,
				088E6D4E1D25027B00117B29 /* LaunchScreen.xib */,
				088E6D3F1D25027B00117B29 /* Supporting Files */,
			);
			path = CalculatorApp;
			sourceTree = "<group>";
		};
		088E6D3F1D25027B00117B29 /* Supporting Files */ = {
			isa = PBXGroup;
			children = (
				088E6D401D25027B00117B29 /* Info.plist */,
				088E6D411D25027B00117B29 /* main.m */,
			);
			name = "Supporting Files";
			sourceTree = "<group>";
		};
		088E6D581D25027B00117B29 /* CalculatorAppTests */ = {
			isa = PBXGroup;
			children = (
				088E6D5B1D25027B00117B29 /* CalculatorAppTests.m */,
				088E6D591D25027B00117B29 /* Supporting Files */,
			);
			path = CalculatorAppTests;
			sourceTree = "<group>";
		};
		088E6D591D25027B00117B29 /* Supporting Files */ = {
			isa = PBXGroup;
			children = (
				088E6D5A1D25027B00117B29 /* Info.plist */,
			);
			name = "Supporting Files";
			sourceTree = "<group>";
		};
/* End PBXGroup section */

/* Begin PBXNativeTarget section */
		088E6D3B1D25027B00117B29 /* CalculatorApp */ = {
			isa = PBXNativeTarget;
			buildConfigurationList = 088E6D5F1D25027B00117B29 /* Build configuration list for PBXNativeTarget "CalculatorApp" */;
			buildPhases = (
				088E6D381D25027B00117B29 /* Sources */,
				088E6D391D25027B00117B29 /* Frameworks */,
				088E6D3A1D25027B00117B29 /* Resources */,
			);
			buildRules = (
			);
			dependencies = (
			);
			name = CalculatorApp;
			productName = CalculatorApp;
			productReference = 088E6D3C1D25027B00117B29 /* CalculatorApp.app */;
			productType = "com.apple.product-type.application";
		};
		088E6D541D25027B00117B29 /* CalculatorAppTests */ = {
			isa = PBXNativeTarget;
			buildConfigurationList = 088E6D621D25027B00117B29 /* Build configuration list for PBXNativeTarget "CalculatorAppTests" */;
			buildPhases = (
				088E6D511D25027B00117B29 /* Sources */,
				088E6D521D25027B00117B29 /* Frameworks */,
				088E6D531D25027B00117B29 /* Resources */,
			);
			buildRules = (
			);
			dependencies = (
				088E6D571D25027B00117B29 /* PBXTargetDependency */,
			);
			name = CalculatorAppTests;
			productName = CalculatorAppTests;
			productReference = 088E6D551D25027B00117B29 /* CalculatorAppTests.xctest */;
			productType = "com.apple.product-type.bundle.unit-test";
		};
/* End PBXNativeTarget section */

/* Begin PBXProject section */
		088E6D341D25027B00117B29 /* Project object */ = {
			isa = PBXProject;
			attributes = {
				LastUpgradeCheck = 0640;
				ORGANIZATIONNAME = strathmore;
				TargetAttributes = {
					088E6D3B1D25027B00117B29 = {
						CreatedOnToolsVersion = 6.4;
					};
					088E6D541D25027B00117B29 = {
						CreatedOnToolsVersion = 6.4;
						TestTargetID = 088E6D3B1D25027B00117B29;
					};
				};
			};
			buildConfigurationList = 088E6D371D25027B00117B29 /* Build configuration list for PBXProject "CalculatorApp" */;
			compatibilityVersion = "Xcode 3.2";
			developmentRegion = English;
			hasScannedForEncodings = 0;
			knownRegions = (
				en,
				Base,
			);
			mainGroup = 088E6D331D25027B00117B29;
			productRefGroup = 088E6D3D1D25027B00117B29 /* Products */;
			projectDirPath = "";
			projectRoot = "";
			targets = (
				088E6D3B1D25027B00117B29 /* CalculatorApp */,
				088E6D541D25027B00117B29 /* CalculatorAppTests */,
			);
		};
/* End PBXProject section */

/* Begin PBXResourcesBuildPhase section */
		088E6D3A1D25027B00117B29 /* Resources */ = {
			isa = PBXResourcesBuildPhase;
			buildActionMask = 2147483647;
			files = (
				088E6D4B1D25027B00117B29 /* Main.storyboard in Resources */,
				088E6D501D25027B00117B29 /* LaunchScreen.xib in Resources */,
				088E6D4D1D25027B00117B29 /* Images.xcassets in Resources */,
			);
			runOnlyForDeploymentPostprocessing = 0;
		};
		088E6D531D25027B00117B29 /* Resources */ = {
			isa = PBXResourcesBuildPhase;
			buildActionMask = 2147483647;
			files = (
			);
			runOnlyForDeploymentPostprocessing = 0;
		};
/* End PBXResourcesBuildPhase section */

/* Begin PBXSourcesBuildPhase section */
		088E6D381D25027B00117B29 /* Sources */ = {
			isa = PBXSourcesBuildPhase;
			buildActionMask = 2147483647;
			files = (
				088E6D481D25027B00117B29 /* ViewController.m in Sources */,
				088E6D451D25027B00117B29 /* AppDelegate.m in Sources */,
				088E6D421D25027B00117B29 /* main.m in Sources */,
			);
			runOnlyForDeploymentPostprocessing = 0;
		};
		088E6D511D25027B00117B29 /* Sources */ = {
			isa = PBXSourcesBuildPhase;
			buildActionMask = 2147483647;
			files = (
				088E6D5C1D25027B00117B29 /* CalculatorAppTests.m in Sources */,
			);
			runOnlyForDeploymentPostprocessing = 0;
		};
/* End PBXSourcesBuildPhase section */

/* Begin PBXTargetDependency section */
		088E6D571D25027B00117B29 /* PBXTargetDependency */ = {
			isa = PBXTargetDependency;
			target = 088E6D3B1D25027B00117B29 /* CalculatorApp */;
			targetProxy = 088E6D561D25027B00117B29 /* PBXContainerItemProxy */;
		};
/* End PBXTargetDependency section */

/* Begin PBXVariantGroup section */
		088E6D491D25027B00117B29 /* Main.storyboard */ = {
			isa = PBXVariantGroup;
			children = (
				088E6D4A1D25027B00117B29 /* Base */,
			);
			name = Main.storyboard;
			sourceTree = "<group>";
		};
		088E6D4E1D25027B00117B29 /* LaunchScreen.xib */ = {
			isa = PBXVariantGroup;
			children = (
				088E6D4F1D25027B00117B29 /* Base */,
			);
			name = LaunchScreen.xib;
			sourceTree = "<group>";
		};
/* End PBXVariantGroup section */

/* Begin XCBuildConfiguration section */
		088E6D5D1D25027B00117B29 /* Debug */ = {
			isa = XCBuildConfiguration;
			buildSettings = {
				ALWAYS_SEARCH_USER_PATHS = NO;
				CLANG_CXX_LANGUAGE_STANDARD = "gnu++0x";
				CLANG_CXX_LIBRARY = "libc++";
				CLANG_ENABLE_MODULES = YES;
				CLANG_ENABLE_OBJC_ARC = YES;
				CLANG_WARN_BOOL_CONVERSION = YES;
				CLANG_WARN_CONSTANT_CONVERSION = YES;
				CLANG_WARN_DIRECT_OBJC_ISA_USAGE = YES_ERROR;
				CLANG_WARN_EMPTY_BODY = YES;
				CLANG_WARN_ENUM_CONVERSION = YES;
				CLANG_WARN_INT_CONVERSION = YES;
				CLANG_WARN_OBJC_ROOT_CLASS = YES_ERROR;
				CLANG_WARN_UNREACHABLE_CODE = YES;
				CLANG_WARN__DUPLICATE_METHOD_MATCH = YES;
				"CODE_SIGN_IDENTITY[sdk=iphoneos*]" = "iPhone Developer";
				COPY_PHASE_STRIP = NO;
				DEBUG_INFORMATION_FORMAT = "dwarf-with-dsym";
				ENABLE_STRICT_OBJC_MSGSEND = YES;
				GCC_C_LANGUAGE_STANDARD = gnu99;
				GCC_DYNAMIC_NO_PIC = NO;
				GCC_NO_COMMON_BLOCKS = YES;
				GCC_OPTIMIZATION_LEVEL = 0;
				GCC_PREPROCESSOR_DEFINITIONS = (
					"DEBUG=1",
					"$(inherited)",
				);
				GCC_SYMBOLS_PRIVATE_EXTERN = NO;
				GCC_WARN_64_TO_32_BIT_CONVERSION = YES;
				GCC_WARN_ABOUT_RETURN_TYPE = YES_ERROR;
				GCC_WARN_UNDECLARED_SELECTOR = YES;
				GCC_WARN_UNINITIALIZED_AUTOS = YES_AGGRESSIVE;
				GCC_WARN_UNUSED_FUNCTION = YES;
				GCC_WARN_UNUSED_VARIABLE = YES;
				IPHONEOS_DEPLOYMENT_TARGET = 8.4;
				MTL_ENABLE_DEBUG_INFO = YES;
				ONLY_ACTIVE_ARCH = YES;
				SDKROOT = iphoneos;
			};
			name = Debug;
		};
		088E6D5E1D25027B00117B29 /* Release */ = {
			isa = XCBuildConfiguration;
			buildSettings = {
				ALWAYS_SEARCH_USER_PATHS = NO;
				CLANG_CXX_LANGUAGE_STANDARD = "gnu++0x";
				CLANG_CXX_LIBRARY = "libc++";
				CLANG_ENABLE_MODULES = YES;
				CLANG_ENABLE_OBJC_ARC = YES;
				CLANG_WARN_BOOL_CONVERSION = YES;
				CLANG_WARN_CONSTANT_CONVERSION = YES;
				CLANG_WARN_DIRECT_OBJC_ISA_USAGE = YES_ERROR;
				CLANG_WARN_EMPTY_BODY = YES;
				CLANG_WARN_ENUM_CONVERSION = YES;
				CLANG_WARN_INT_CONVERSION = YES;
				CLANG_WARN_OBJC_ROOT_CLASS = YES_ERROR;
				CLANG_WARN_UNREACHABLE_CODE = YES;
				CLANG_WARN__DUPLICATE_METHOD_MATCH = YES;
				"CODE_SIGN_IDENTITY[sdk=iphoneos*]" = "iPhone Developer";
				COPY_PHASE_STRIP = NO;
				DEBUG_INFORMATION_FORMAT = "dwarf-with-dsym";
				ENABLE_NS_ASSERTIONS = NO;
				ENABLE_STRICT_OBJC_MSGSEND = YES;
				GCC_C_LANGUAGE_STANDARD = gnu99;
				GCC_NO_COMMON_BLOCKS = YES;
				GCC_WARN_64_TO_32_BIT_CONVERSION = YES;
				GCC_WARN_ABOUT_RETURN_TYPE = YES_ERROR;
				GCC_WARN_UNDECLARED_SELECTOR = YES;
				GCC_WARN_UNINITIALIZED_AUTOS = YES_AGGRESSIVE;
				GCC_WARN_UNUSED_FUNCTION = YES;
				GCC_WARN_UNUSED_VARIABLE = YES;
				IPHONEOS_DEPLOYMENT_TARGET = 8.4;
				MTL_ENABLE_DEBUG_INFO = NO;
				SDKROOT = iphoneos;
				VALIDATE_PRODUCT = YES;
			};
			name = Release;
		};
		088E6D601D25027B00117B29 /* Debug */ = {
			isa = XCBuildConfiguration;
			buildSettings = {
				ASSETCATALOG_COMPILER_APPICON_NAME = AppIcon;
				INFOPLIST_FILE = CalculatorApp/Info.plist;
				LD_RUNPATH_SEARCH_PATHS = "$(inherited) @executable_path/Frameworks";
				PRODUCT_NAME = "$(TARGET_NAME)";
			};
			name = Debug;
		};
		088E6D611D25027B00117B29 /* Release */ = {
			isa = XCBuildConfiguration;
			buildSettings = {
				ASSETCATALOG_COMPILER_APPICON_NAME = AppIcon;
				INFOPLIST_FILE = CalculatorApp/Info.plist;
				LD_RUNPATH_SEARCH_PATHS = "$(inherited) @executable_path/Frameworks";
				PRODUCT_NAME = "$(TARGET_NAME)";
			};
			name = Release;
		};
		088E6D631D25027B00117B29 /* Debug */ = {
			isa = XCBuildConfiguration;
			buildSettings = {
				BUNDLE_LOADER = "$(TEST_HOST)";
				FRAMEWORK_SEARCH_PATHS = (
					"$(SDKROOT)/Developer/Library/Frameworks",
					"$(inherited)",
				);
				GCC_PREPROCESSOR_DEFINITIONS = (
					"DEBUG=1",
					"$(inherited)",
				);
				INFOPLIST_FILE = CalculatorAppTests/Info.plist;
				LD_RUNPATH_SEARCH_PATHS = "$(inherited) @executable_path/Frameworks @loader_path/Frameworks";
				PRODUCT_NAME = "$(TARGET_NAME)";
				TEST_HOST = "$(BUILT_PRODUCTS_DIR)/CalculatorApp.app/CalculatorApp";
			};
			name = Debug;
		};
		088E6D641D25027B00117B29 /* Release */ = {
			isa = XCBuildConfiguration;
			buildSettings = {
				BUNDLE_LOADER = "$(TEST_HOST)";
				FRAMEWORK_SEARCH_PATHS = (
					"$(SDKROOT)/Developer/Library/Frameworks",
					"$(inherited)",
				);
				INFOPLIST_FILE = CalculatorAppTests/Info.plist;
				LD_RUNPATH_SEARCH_PATHS = "$(inherited) @executable_path/Frameworks @loader_path/Frameworks";
				PRODUCT_NAME = "$(TARGET_NAME)";
				TEST_HOST = "$(BUILT_PRODUCTS_DIR)/CalculatorApp.app/CalculatorApp";
			};
			name = Release;
		};
/* End XCBuildConfiguration section */

/* Begin XCConfigurationList section */
		088E6D371D25027B00117B29 /* Build configuration list for PBXProject "CalculatorApp" */ = {
			isa = XCConfigurationList;
			buildConfigurations = (
				088E6D5D1D25027B00117B29 /* Debug */,
				088E6D5E1D25027B00117B29 /* Release */,
			);
			defaultConfigurationIsVisible = 0;
			defaultConfigurationName = Release;
		};
		088E6D5F1D25027B00117B29 /* Build configuration list for PBXNativeTarget "CalculatorApp" */ = {
			isa = XCConfigurationList;
			buildConfigurations = (
				088E6D601D25027B00117B29 /* Debug */,
				088E6D611D25027B00117B29 /* Release */,
			);
			defaultConfigurationIsVisible = 0;
		};
		088E6D621D25027B00117B29 /* Build configuration list for PBXNativeTarget "CalculatorAppTests" */ = {
			isa = XCConfigurationList;
			buildConfigurations = (
				088E6D631D25027B00117B29 /* Debug */,
				088E6D641D25027B00117B29 /* Release */,
			);
			defaultConfigurationIsVisible = 0;
		};
/* End XCConfigurationList section */
	};
	rootObject = 088E6D341D25027B00117B29 /* Project object */;
}
